
Microsoft Visual Studio Solution File, Format Version 12.00
# Visual Studio Version 16
VisualStudioVersion = 16.0.30225.117
MinimumVisualStudioVersion = 10.0.40219.1
Project("{FAE04EC0-301F-11D3-BF4B-00C04F79EFBC}") = "StockMarket.AccountAPI", "StockMarket.AccountAPI\StockMarket.AccountAPI.csproj", "{B4786993-8ADD-4812-A6D2-5BAA1384DEB9}"
EndProject
Project("{FAE04EC0-301F-11D3-BF4B-00C04F79EFBC}") = "StockMarket.AdminAPI", "StockMarket.AdminAPI\StockMarket.AdminAPI.csproj", "{D4B6EFB2-3DDA-4BC1-B8D1-39BFE6E3F758}"
EndProject
Project("{FAE04EC0-301F-11D3-BF4B-00C04F79EFBC}") = "StockMarket.ExcelAPI", "StockMarket.ExcelAPI\StockMarket.ExcelAPI.csproj", "{5FB46331-9A77-43B7-A1FA-5FD0FC37DCD6}"
EndProject
Project("{FAE04EC0-301F-11D3-BF4B-00C04F79EFBC}") = "StockMarket.UserAPI", "StockMarket.UserAPI\StockMarket.UserAPI.csproj", "{52336CA0-3481-4B1C-9B39-6A2E1D57DF70}"
EndProject
Global
	GlobalSection(SolutionConfigurationPlatforms) = preSolution
		Debug|Any CPU = Debug|Any CPU
		Release|Any CPU = Release|Any CPU
	EndGlobalSection
	GlobalSection(ProjectConfigurationPlatforms) = postSolution
		{B4786993-8ADD-4812-A6D2-5BAA1384DEB9}.Debug|Any CPU.ActiveCfg = Debug|Any CPU
		{B4786993-8ADD-4812-A6D2-5BAA1384DEB9}.Debug|Any CPU.Build.0 = Debug|Any CPU
		{B4786993-8ADD-4812-A6D2-5BAA1384DEB9}.Release|Any CPU.ActiveCfg = Release|Any CPU
		{B4786993-8ADD-4812-A6D2-5BAA1384DEB9}.Release|Any CPU.Build.0 = Release|Any CPU
		{D4B6EFB2-3DDA-4BC1-B8D1-39BFE6E3F758}.Debug|Any CPU.ActiveCfg = Debug|Any CPU
		{D4B6EFB2-3DDA-4BC1-B8D1-39BFE6E3F758}.Debug|Any CPU.Build.0 = Debug|Any CPU
		{D4B6EFB2-3DDA-4BC1-B8D1-39BFE6E3F758}.Release|Any CPU.ActiveCfg = Release|Any CPU
		{D4B6EFB2-3DDA-4BC1-B8D1-39BFE6E3F758}.Release|Any CPU.Build.0 = Release|Any CPU
		{5FB46331-9A77-43B7-A1FA-5FD0FC37DCD6}.Debug|Any CPU.ActiveCfg = Debug|Any CPU
		{5FB46331-9A77-43B7-A1FA-5FD0FC37DCD6}.Debug|Any CPU.Build.0 = Debug|Any CPU
		{5FB46331-9A77-43B7-A1FA-5FD0FC37DCD6}.Release|Any CPU.ActiveCfg = Release|Any CPU
		{5FB46331-9A77-43B7-A1FA-5FD0FC37DCD6}.Release|Any CPU.Build.0 = Release|Any CPU
		{52336CA0-3481-4B1C-9B39-6A2E1D57DF70}.Debug|Any CPU.ActiveCfg = Debug|Any CPU
		{52336CA0-3481-4B1C-9B39-6A2E1D57DF70}.Debug|Any CPU.Build.0 = Debug|Any CPU
		{52336CA0-3481-4B1C-9B39-6A2E1D57DF70}.Release|Any CPU.ActiveCfg = Release|Any CPU
		{52336CA0-3481-4B1C-9B39-6A2E1D57DF70}.Release|Any CPU.Build.0 = Release|Any CPU
	EndGlobalSection
	GlobalSection(SolutionProperties) = preSolution
		HideSolutionNode = FALSE
	EndGlobalSection
	GlobalSection(ExtensibilityGlobals) = postSolution
		SolutionGuid = {1F51AC36-8620-4CCF-AAF0-BF938598679F}
	EndGlobalSection
EndGlobal
